
Microsoft Visual Studio Solution File, Format Version 12.00
# Visual Studio Version 16
VisualStudioVersion = 16.0.34902.97
MinimumVisualStudioVersion = 10.0.40219.1
Project("{FAE04EC0-301F-11D3-BF4B-00C04F79EFBC}") = "1. Project1", "Project1\1. Project1.csproj", "{7D330A6D-5A9B-4112-B24E-66FCCFE1A851}"
EndProject
Project("{FAE04EC0-301F-11D3-BF4B-00C04F79EFBC}") = "2. First_MVC_Project", "First_MVC_Project\2. First_MVC_Project.csproj", "{7C64603B-E4B8-49FC-B123-76595A171F14}"
EndProject
Project("{FAE04EC0-301F-11D3-BF4B-00C04F79EFBC}") = "3. CodeFirstApproach_WebApplication", "WebApplication_CodeFirstApproach\3. CodeFirstApproach_WebApplication.csproj", "{A9928BA2-83B7-4753-A125-3BD69C36C2B0}"
EndProject
Project("{FAE04EC0-301F-11D3-BF4B-00C04F79EFBC}") = "4. MVC_CodeFirst_WithRouting", "MVC_CodeFirst_WithRouting\4. MVC_CodeFirst_WithRouting.csproj", "{28B93BD3-6FDB-4310-87AB-A96B26800BC0}"
EndProject
Project("{FAE04EC0-301F-11D3-BF4B-00C04F79EFBC}") = "5. MVC_withCodeLayout_Validation", "MVC_withCodeLayout_Validation\5. MVC_withCodeLayout_Validation.csproj", "{FED489A0-2D43-47A9-950D-30C0B601B84E}"
EndProject
Project("{FAE04EC0-301F-11D3-BF4B-00C04F79EFBC}") = "6. MVC_MulTable_Val_MulLayout_PartialView", "6. MVC_MulTable_Val_MulLayout_PartialView_\6. MVC_MulTable_Val_MulLayout_PartialView.csproj", "{5A138588-7164-4ED4-B6EC-492263438060}"
EndProject
Project("{FAE04EC0-301F-11D3-BF4B-00C04F79EFBC}") = "7. WebApp_Country_State_City_Reg_EF", "WebApp_Country_State_City_Reg_EF\7. WebApp_Country_State_City_Reg_EF.csproj", "{70CA7E53-1A8E-4744-93E7-DB5AFEAC1454}"
EndProject
Global
	GlobalSection(SolutionConfigurationPlatforms) = preSolution
		Debug|Any CPU = Debug|Any CPU
		Release|Any CPU = Release|Any CPU
	EndGlobalSection
	GlobalSection(ProjectConfigurationPlatforms) = postSolution
		{7D330A6D-5A9B-4112-B24E-66FCCFE1A851}.Debug|Any CPU.ActiveCfg = Debug|Any CPU
		{7D330A6D-5A9B-4112-B24E-66FCCFE1A851}.Debug|Any CPU.Build.0 = Debug|Any CPU
		{7D330A6D-5A9B-4112-B24E-66FCCFE1A851}.Release|Any CPU.ActiveCfg = Release|Any CPU
		{7D330A6D-5A9B-4112-B24E-66FCCFE1A851}.Release|Any CPU.Build.0 = Release|Any CPU
		{7C64603B-E4B8-49FC-B123-76595A171F14}.Debug|Any CPU.ActiveCfg = Debug|Any CPU
		{7C64603B-E4B8-49FC-B123-76595A171F14}.Debug|Any CPU.Build.0 = Debug|Any CPU
		{7C64603B-E4B8-49FC-B123-76595A171F14}.Release|Any CPU.ActiveCfg = Release|Any CPU
		{7C64603B-E4B8-49FC-B123-76595A171F14}.Release|Any CPU.Build.0 = Release|Any CPU
		{A9928BA2-83B7-4753-A125-3BD69C36C2B0}.Debug|Any CPU.ActiveCfg = Debug|Any CPU
		{A9928BA2-83B7-4753-A125-3BD69C36C2B0}.Debug|Any CPU.Build.0 = Debug|Any CPU
		{A9928BA2-83B7-4753-A125-3BD69C36C2B0}.Release|Any CPU.ActiveCfg = Release|Any CPU
		{A9928BA2-83B7-4753-A125-3BD69C36C2B0}.Release|Any CPU.Build.0 = Release|Any CPU
		{28B93BD3-6FDB-4310-87AB-A96B26800BC0}.Debug|Any CPU.ActiveCfg = Debug|Any CPU
		{28B93BD3-6FDB-4310-87AB-A96B26800BC0}.Debug|Any CPU.Build.0 = Debug|Any CPU
		{28B93BD3-6FDB-4310-87AB-A96B26800BC0}.Release|Any CPU.ActiveCfg = Release|Any CPU
		{28B93BD3-6FDB-4310-87AB-A96B26800BC0}.Release|Any CPU.Build.0 = Release|Any CPU
		{FED489A0-2D43-47A9-950D-30C0B601B84E}.Debug|Any CPU.ActiveCfg = Debug|Any CPU
		{FED489A0-2D43-47A9-950D-30C0B601B84E}.Debug|Any CPU.Build.0 = Debug|Any CPU
		{FED489A0-2D43-47A9-950D-30C0B601B84E}.Release|Any CPU.ActiveCfg = Release|Any CPU
		{FED489A0-2D43-47A9-950D-30C0B601B84E}.Release|Any CPU.Build.0 = Release|Any CPU
		{5A138588-7164-4ED4-B6EC-492263438060}.Debug|Any CPU.ActiveCfg = Debug|Any CPU
		{5A138588-7164-4ED4-B6EC-492263438060}.Debug|Any CPU.Build.0 = Debug|Any CPU
		{5A138588-7164-4ED4-B6EC-492263438060}.Release|Any CPU.ActiveCfg = Release|Any CPU
		{5A138588-7164-4ED4-B6EC-492263438060}.Release|Any CPU.Build.0 = Release|Any CPU
		{70CA7E53-1A8E-4744-93E7-DB5AFEAC1454}.Debug|Any CPU.ActiveCfg = Debug|Any CPU
		{70CA7E53-1A8E-4744-93E7-DB5AFEAC1454}.Debug|Any CPU.Build.0 = Debug|Any CPU
		{70CA7E53-1A8E-4744-93E7-DB5AFEAC1454}.Release|Any CPU.ActiveCfg = Release|Any CPU
		{70CA7E53-1A8E-4744-93E7-DB5AFEAC1454}.Release|Any CPU.Build.0 = Release|Any CPU
	EndGlobalSection
	GlobalSection(SolutionProperties) = preSolution
		HideSolutionNode = FALSE
	EndGlobalSection
	GlobalSection(ExtensibilityGlobals) = postSolution
		SolutionGuid = {E7067B9E-834D-41FB-BD7B-405CD9DA594B}
	EndGlobalSection
EndGlobal
