
Microsoft Visual Studio Solution File, Format Version 12.00
# Visual Studio Version 16
VisualStudioVersion = 16.0.34902.97
MinimumVisualStudioVersion = 10.0.40219.1
Project("{FAE04EC0-301F-11D3-BF4B-00C04F79EFBC}") = "Project1", "Project1\Project1.csproj", "{7D330A6D-5A9B-4112-B24E-66FCCFE1A851}"
EndProject
Project("{FAE04EC0-301F-11D3-BF4B-00C04F79EFBC}") = "First_MVC_Project", "First_MVC_Project\First_MVC_Project.csproj", "{7C64603B-E4B8-49FC-B123-76595A171F14}"
EndProject
Global
	GlobalSection(SolutionConfigurationPlatforms) = preSolution
		Debug|Any CPU = Debug|Any CPU
		Release|Any CPU = Release|Any CPU
	EndGlobalSection
	GlobalSection(ProjectConfigurationPlatforms) = postSolution
		{7D330A6D-5A9B-4112-B24E-66FCCFE1A851}.Debug|Any CPU.ActiveCfg = Debug|Any CPU
		{7D330A6D-5A9B-4112-B24E-66FCCFE1A851}.Debug|Any CPU.Build.0 = Debug|Any CPU
		{7D330A6D-5A9B-4112-B24E-66FCCFE1A851}.Release|Any CPU.ActiveCfg = Release|Any CPU
		{7D330A6D-5A9B-4112-B24E-66FCCFE1A851}.Release|Any CPU.Build.0 = Release|Any CPU
		{7C64603B-E4B8-49FC-B123-76595A171F14}.Debug|Any CPU.ActiveCfg = Debug|Any CPU
		{7C64603B-E4B8-49FC-B123-76595A171F14}.Debug|Any CPU.Build.0 = Debug|Any CPU
		{7C64603B-E4B8-49FC-B123-76595A171F14}.Release|Any CPU.ActiveCfg = Release|Any CPU
		{7C64603B-E4B8-49FC-B123-76595A171F14}.Release|Any CPU.Build.0 = Release|Any CPU
	EndGlobalSection
	GlobalSection(SolutionProperties) = preSolution
		HideSolutionNode = FALSE
	EndGlobalSection
	GlobalSection(ExtensibilityGlobals) = postSolution
		SolutionGuid = {E7067B9E-834D-41FB-BD7B-405CD9DA594B}
	EndGlobalSection
EndGlobal
